
Microsoft Visual Studio Solution File, Format Version 12.00
# Visual Studio Version 17
VisualStudioVersion = 17.13.35825.156 d17.13
MinimumVisualStudioVersion = 10.0.40219.1
Project("{FAE04EC0-301F-11D3-BF4B-00C04F79EFBC}") = "ExprodesC", "ExprodesC.csproj", "{264C5B60-F8C7-422D-A784-1361AE4E45B0}"
EndProject
Global
	GlobalSection(SolutionConfigurationPlatforms) = preSolution
		Debug|Any CPU = Debug|Any CPU
		Release|Any CPU = Release|Any CPU
	EndGlobalSection
	GlobalSection(ProjectConfigurationPlatforms) = postSolution
		{264C5B60-F8C7-422D-A784-1361AE4E45B0}.Debug|Any CPU.ActiveCfg = Debug|Any CPU
		{264C5B60-F8C7-422D-A784-1361AE4E45B0}.Debug|Any CPU.Build.0 = Debug|Any CPU
		{264C5B60-F8C7-422D-A784-1361AE4E45B0}.Release|Any CPU.ActiveCfg = Release|Any CPU
		{264C5B60-F8C7-422D-A784-1361AE4E45B0}.Release|Any CPU.Build.0 = Release|Any CPU
	EndGlobalSection
	GlobalSection(SolutionProperties) = preSolution
		HideSolutionNode = FALSE
	EndGlobalSection
	GlobalSection(ExtensibilityGlobals) = postSolution
		SolutionGuid = {65496E9D-C0E1-4F61-BD44-2BAA1F262F3E}
	EndGlobalSection
EndGlobal
